// !$*UTF8*$!
{
	archiveVersion = 1;
	classes = {
	};
	objectVersion = 55;
	objects = {

/* Begin PBXBuildFile section */
		23CCC0C91F284118FAEAB9E4 /* Pods_FuelTests.framework in Frameworks */ = {isa = PBXBuildFile; fileRef = 1F7412D207CD4C91C0007E92 /* Pods_FuelTests.framework */; };
		4C0ACA3027D0A666007DCB51 /* ScannerOverlay in Frameworks */ = {isa = PBXBuildFile; productRef = 4C0ACA2F27D0A666007DCB51 /* ScannerOverlay */; };
		4C139B0027DB695F00B6B94A /* ShipmentDetailsViewController.swift in Sources */ = {isa = PBXBuildFile; fileRef = 4C139AFE27DB695E00B6B94A /* ShipmentDetailsViewController.swift */; };
		4C139B0127DB695F00B6B94A /* ShipmentDetailsPresenter.swift in Sources */ = {isa = PBXBuildFile; fileRef = 4C139AFF27DB695F00B6B94A /* ShipmentDetailsPresenter.swift */; };
		4C28489127DDFF9300407429 /* ShipmentTableViewCell.swift in Sources */ = {isa = PBXBuildFile; fileRef = 4C28488E27DDFF9200407429 /* ShipmentTableViewCell.swift */; };
		4C28489227DDFF9300407429 /* AllShipmentsViewController.swift in Sources */ = {isa = PBXBuildFile; fileRef = 4C28488F27DDFF9300407429 /* AllShipmentsViewController.swift */; };
		4C28489327DDFF9300407429 /* AllShipmentsPresenter.swift in Sources */ = {isa = PBXBuildFile; fileRef = 4C28489027DDFF9300407429 /* AllShipmentsPresenter.swift */; };
		4C28492327DF4F9600407429 /* RetailShipmentViewController.swift in Sources */ = {isa = PBXBuildFile; fileRef = 4C28492227DF4F9500407429 /* RetailShipmentViewController.swift */; };
		4C28492527DF4FB000407429 /* RetailShipmentPresenter.swift in Sources */ = {isa = PBXBuildFile; fileRef = 4C28492427DF4FB000407429 /* RetailShipmentPresenter.swift */; };
		4C28492727E0D20F00407429 /* RetaildShipmentTableViewCell.swift in Sources */ = {isa = PBXBuildFile; fileRef = 4C28492627E0D20A00407429 /* RetaildShipmentTableViewCell.swift */; };
		4C6A559527CFE47000EC36E7 /* ShipmentOperationPresenter.swift in Sources */ = {isa = PBXBuildFile; fileRef = 4C6A559327CFE46F00EC36E7 /* ShipmentOperationPresenter.swift */; };
		4C6A559627CFE47000EC36E7 /* ShipmentQRCodeViewController.swift in Sources */ = {isa = PBXBuildFile; fileRef = 4C6A559427CFE46F00EC36E7 /* ShipmentQRCodeViewController.swift */; };
		4C6A559827CFE48600EC36E7 /* ShipmentModel.swift in Sources */ = {isa = PBXBuildFile; fileRef = 4C6A559727CFE48600EC36E7 /* ShipmentModel.swift */; };
		4C6B66CD27D38F4C00E23343 /* URL.swift in Sources */ = {isa = PBXBuildFile; fileRef = 4C6B66CC27D38F4C00E23343 /* URL.swift */; };
		4C6B66CF27D4D90100E23343 /* SettingsTableViewController.swift in Sources */ = {isa = PBXBuildFile; fileRef = 4C6B66CE27D4D90000E23343 /* SettingsTableViewController.swift */; };
		4C8C14BA27E9CC3E00AF4652 /* MoreShipmentDetailsViewController.swift in Sources */ = {isa = PBXBuildFile; fileRef = 4C8C14B927E9CC3E00AF4652 /* MoreShipmentDetailsViewController.swift */; };
		4CC20FCE27CFAB8B00DE15DB /* AppDelegate.swift in Sources */ = {isa = PBXBuildFile; fileRef = 4CC20FCD27CFAB8B00DE15DB /* AppDelegate.swift */; };
		4CC20FD027CFAB8B00DE15DB /* SceneDelegate.swift in Sources */ = {isa = PBXBuildFile; fileRef = 4CC20FCF27CFAB8B00DE15DB /* SceneDelegate.swift */; };
		4CC20FD527CFAB8B00DE15DB /* Main.storyboard in Resources */ = {isa = PBXBuildFile; fileRef = 4CC20FD327CFAB8B00DE15DB /* Main.storyboard */; };
		4CC20FD827CFAB8B00DE15DB /* Fuel.xcdatamodeld in Sources */ = {isa = PBXBuildFile; fileRef = 4CC20FD627CFAB8B00DE15DB /* Fuel.xcdatamodeld */; };
		4CC20FDA27CFAB9600DE15DB /* Assets.xcassets in Resources */ = {isa = PBXBuildFile; fileRef = 4CC20FD927CFAB9600DE15DB /* Assets.xcassets */; };
		4CC20FDD27CFAB9600DE15DB /* LaunchScreen.storyboard in Resources */ = {isa = PBXBuildFile; fileRef = 4CC20FDB27CFAB9600DE15DB /* LaunchScreen.storyboard */; };
		4CC20FE827CFAB9700DE15DB /* FuelTests.swift in Sources */ = {isa = PBXBuildFile; fileRef = 4CC20FE727CFAB9700DE15DB /* FuelTests.swift */; };
		4CC20FF227CFAB9700DE15DB /* FuelUITests.swift in Sources */ = {isa = PBXBuildFile; fileRef = 4CC20FF127CFAB9700DE15DB /* FuelUITests.swift */; };
		4CC20FF427CFAB9700DE15DB /* FuelUITestsLaunchTests.swift in Sources */ = {isa = PBXBuildFile; fileRef = 4CC20FF327CFAB9700DE15DB /* FuelUITestsLaunchTests.swift */; };
		4CC2100827CFAFFA00DE15DB /* Utility.swift in Sources */ = {isa = PBXBuildFile; fileRef = 4CC2100627CFAFF900DE15DB /* Utility.swift */; };
		4CC2100927CFAFFA00DE15DB /* AppManager.swift in Sources */ = {isa = PBXBuildFile; fileRef = 4CC2100727CFAFFA00DE15DB /* AppManager.swift */; };
		4CC2100B27CFB02400DE15DB /* CardView.swift in Sources */ = {isa = PBXBuildFile; fileRef = 4CC2100A27CFB02400DE15DB /* CardView.swift */; };
		4CC2101027CFB03B00DE15DB /* String+Extensions.swift in Sources */ = {isa = PBXBuildFile; fileRef = 4CC2100C27CFB03B00DE15DB /* String+Extensions.swift */; };
		4CC2101127CFB03B00DE15DB /* UIViewController+Extension.swift in Sources */ = {isa = PBXBuildFile; fileRef = 4CC2100D27CFB03B00DE15DB /* UIViewController+Extension.swift */; };
		4CC2101227CFB03B00DE15DB /* UIViews+Extensions.swift in Sources */ = {isa = PBXBuildFile; fileRef = 4CC2100E27CFB03B00DE15DB /* UIViews+Extensions.swift */; };
		4CC2101327CFB03B00DE15DB /* UserDefaults+Extension.swift in Sources */ = {isa = PBXBuildFile; fileRef = 4CC2100F27CFB03B00DE15DB /* UserDefaults+Extension.swift */; };
		4CC2101527CFB05000DE15DB /* Custom Messgaes.swift in Sources */ = {isa = PBXBuildFile; fileRef = 4CC2101427CFB04F00DE15DB /* Custom Messgaes.swift */; };
		4CC2101A27CFB09700DE15DB /* Configuration.swift in Sources */ = {isa = PBXBuildFile; fileRef = 4CC2101927CFB09700DE15DB /* Configuration.swift */; };
		4CC2101F27CFB0A500DE15DB /* AuthenticationFeed.swift in Sources */ = {isa = PBXBuildFile; fileRef = 4CC2101B27CFB0A400DE15DB /* AuthenticationFeed.swift */; };
		4CC2102027CFB0A500DE15DB /* APiServicesClient.swift in Sources */ = {isa = PBXBuildFile; fileRef = 4CC2101C27CFB0A400DE15DB /* APiServicesClient.swift */; };
		4CC2102127CFB0A500DE15DB /* APiServicesFeed.swift in Sources */ = {isa = PBXBuildFile; fileRef = 4CC2101D27CFB0A500DE15DB /* APiServicesFeed.swift */; };
		4CC2102227CFB0A500DE15DB /* AuthenticationClient.swift in Sources */ = {isa = PBXBuildFile; fileRef = 4CC2101E27CFB0A500DE15DB /* AuthenticationClient.swift */; };
		4CC2102927CFB0B800DE15DB /* APIError.swift in Sources */ = {isa = PBXBuildFile; fileRef = 4CC2102327CFB0B700DE15DB /* APIError.swift */; };
		4CC2102A27CFB0B800DE15DB /* HTTPHeader.swift in Sources */ = {isa = PBXBuildFile; fileRef = 4CC2102427CFB0B700DE15DB /* HTTPHeader.swift */; };
		4CC2102B27CFB0B800DE15DB /* Result.swift in Sources */ = {isa = PBXBuildFile; fileRef = 4CC2102527CFB0B700DE15DB /* Result.swift */; };
		4CC2102C27CFB0B800DE15DB /* APIClient.swift in Sources */ = {isa = PBXBuildFile; fileRef = 4CC2102627CFB0B800DE15DB /* APIClient.swift */; };
		4CC2102D27CFB0B800DE15DB /* EndPoint.swift in Sources */ = {isa = PBXBuildFile; fileRef = 4CC2102727CFB0B800DE15DB /* EndPoint.swift */; };
		4CC2102E27CFB0B800DE15DB /* HTTPMethod.swift in Sources */ = {isa = PBXBuildFile; fileRef = 4CC2102827CFB0B800DE15DB /* HTTPMethod.swift */; };
		4CC2103327CFB1E100DE15DB /* AuthViewController.swift in Sources */ = {isa = PBXBuildFile; fileRef = 4CC2103027CFB1E100DE15DB /* AuthViewController.swift */; };
		4CC2103427CFB1E100DE15DB /* AuthPresenter.swift in Sources */ = {isa = PBXBuildFile; fileRef = 4CC2103127CFB1E100DE15DB /* AuthPresenter.swift */; };
		4CC2103527CFB1E100DE15DB /* LoginModel.swift in Sources */ = {isa = PBXBuildFile; fileRef = 4CC2103227CFB1E100DE15DB /* LoginModel.swift */; };
		4CC2103927CFB68400DE15DB /* ScanerViewController.swift in Sources */ = {isa = PBXBuildFile; fileRef = 4CC2103827CFB68300DE15DB /* ScanerViewController.swift */; };
		AB650E1531F930B57B5AA057 /* Pods_Fuel_FuelUITests.framework in Frameworks */ = {isa = PBXBuildFile; fileRef = 1EF84E2FB6D3F131777F13F1 /* Pods_Fuel_FuelUITests.framework */; };
		F53111D729C6FB833A2D4308 /* Pods_Fuel.framework in Frameworks */ = {isa = PBXBuildFile; fileRef = 79D8CB45B2736D7721A3F22F /* Pods_Fuel.framework */; };
/* End PBXBuildFile section */

/* Begin PBXContainerItemProxy section */
		4CC20FE427CFAB9700DE15DB /* PBXContainerItemProxy */ = {
			isa = PBXContainerItemProxy;
			containerPortal = 4CC20FC227CFAB8A00DE15DB /* Project object */;
			proxyType = 1;
			remoteGlobalIDString = 4CC20FC927CFAB8B00DE15DB;
			remoteInfo = Fuel;
		};
		4CC20FEE27CFAB9700DE15DB /* PBXContainerItemProxy */ = {
			isa = PBXContainerItemProxy;
			containerPortal = 4CC20FC227CFAB8A00DE15DB /* Project object */;
			proxyType = 1;
			remoteGlobalIDString = 4CC20FC927CFAB8B00DE15DB;
			remoteInfo = Fuel;
		};
/* End PBXContainerItemProxy section */

/* Begin PBXFileReference section */
		0C5F5C9082C39BA50162E586 /* Pods-Fuel-FuelUITests.release.xcconfig */ = {isa = PBXFileReference; includeInIndex = 1; lastKnownFileType = text.xcconfig; name = "Pods-Fuel-FuelUITests.release.xcconfig"; path = "Target Support Files/Pods-Fuel-FuelUITests/Pods-Fuel-FuelUITests.release.xcconfig"; sourceTree = "<group>"; };
		1945C832F6C49A01872C530C /* Pods-Fuel.debug.xcconfig */ = {isa = PBXFileReference; includeInIndex = 1; lastKnownFileType = text.xcconfig; name = "Pods-Fuel.debug.xcconfig"; path = "Target Support Files/Pods-Fuel/Pods-Fuel.debug.xcconfig"; sourceTree = "<group>"; };
		1EF84E2FB6D3F131777F13F1 /* Pods_Fuel_FuelUITests.framework */ = {isa = PBXFileReference; explicitFileType = wrapper.framework; includeInIndex = 0; path = Pods_Fuel_FuelUITests.framework; sourceTree = BUILT_PRODUCTS_DIR; };
		1F7412D207CD4C91C0007E92 /* Pods_FuelTests.framework */ = {isa = PBXFileReference; explicitFileType = wrapper.framework; includeInIndex = 0; path = Pods_FuelTests.framework; sourceTree = BUILT_PRODUCTS_DIR; };
		3A3A55649E4E17910F6C6065 /* Pods-Fuel-FuelUITests.debug.xcconfig */ = {isa = PBXFileReference; includeInIndex = 1; lastKnownFileType = text.xcconfig; name = "Pods-Fuel-FuelUITests.debug.xcconfig"; path = "Target Support Files/Pods-Fuel-FuelUITests/Pods-Fuel-FuelUITests.debug.xcconfig"; sourceTree = "<group>"; };
		4C139AFE27DB695E00B6B94A /* ShipmentDetailsViewController.swift */ = {isa = PBXFileReference; fileEncoding = 4; lastKnownFileType = sourcecode.swift; path = ShipmentDetailsViewController.swift; sourceTree = "<group>"; };
		4C139AFF27DB695F00B6B94A /* ShipmentDetailsPresenter.swift */ = {isa = PBXFileReference; fileEncoding = 4; lastKnownFileType = sourcecode.swift; path = ShipmentDetailsPresenter.swift; sourceTree = "<group>"; };
		4C28488E27DDFF9200407429 /* ShipmentTableViewCell.swift */ = {isa = PBXFileReference; fileEncoding = 4; lastKnownFileType = sourcecode.swift; path = ShipmentTableViewCell.swift; sourceTree = "<group>"; };
		4C28488F27DDFF9300407429 /* AllShipmentsViewController.swift */ = {isa = PBXFileReference; fileEncoding = 4; lastKnownFileType = sourcecode.swift; path = AllShipmentsViewController.swift; sourceTree = "<group>"; };
		4C28489027DDFF9300407429 /* AllShipmentsPresenter.swift */ = {isa = PBXFileReference; fileEncoding = 4; lastKnownFileType = sourcecode.swift; path = AllShipmentsPresenter.swift; sourceTree = "<group>"; };
		4C28492227DF4F9500407429 /* RetailShipmentViewController.swift */ = {isa = PBXFileReference; lastKnownFileType = sourcecode.swift; path = RetailShipmentViewController.swift; sourceTree = "<group>"; };
		4C28492427DF4FB000407429 /* RetailShipmentPresenter.swift */ = {isa = PBXFileReference; lastKnownFileType = sourcecode.swift; path = RetailShipmentPresenter.swift; sourceTree = "<group>"; };
		4C28492627E0D20A00407429 /* RetaildShipmentTableViewCell.swift */ = {isa = PBXFileReference; lastKnownFileType = sourcecode.swift; path = RetaildShipmentTableViewCell.swift; sourceTree = "<group>"; };
		4C6A559327CFE46F00EC36E7 /* ShipmentOperationPresenter.swift */ = {isa = PBXFileReference; fileEncoding = 4; lastKnownFileType = sourcecode.swift; path = ShipmentOperationPresenter.swift; sourceTree = "<group>"; };
		4C6A559427CFE46F00EC36E7 /* ShipmentQRCodeViewController.swift */ = {isa = PBXFileReference; fileEncoding = 4; lastKnownFileType = sourcecode.swift; path = ShipmentQRCodeViewController.swift; sourceTree = "<group>"; };
		4C6A559727CFE48600EC36E7 /* ShipmentModel.swift */ = {isa = PBXFileReference; fileEncoding = 4; lastKnownFileType = sourcecode.swift; path = ShipmentModel.swift; sourceTree = "<group>"; };
		4C6B66CC27D38F4C00E23343 /* URL.swift */ = {isa = PBXFileReference; lastKnownFileType = sourcecode.swift; path = URL.swift; sourceTree = "<group>"; };
		4C6B66CE27D4D90000E23343 /* SettingsTableViewController.swift */ = {isa = PBXFileReference; fileEncoding = 4; lastKnownFileType = sourcecode.swift; path = SettingsTableViewController.swift; sourceTree = "<group>"; };
		4C8C14B927E9CC3E00AF4652 /* MoreShipmentDetailsViewController.swift */ = {isa = PBXFileReference; lastKnownFileType = sourcecode.swift; path = MoreShipmentDetailsViewController.swift; sourceTree = "<group>"; };
		4CC20FCA27CFAB8B00DE15DB /* Fuel.app */ = {isa = PBXFileReference; explicitFileType = wrapper.application; includeInIndex = 0; path = Fuel.app; sourceTree = BUILT_PRODUCTS_DIR; };
		4CC20FCD27CFAB8B00DE15DB /* AppDelegate.swift */ = {isa = PBXFileReference; lastKnownFileType = sourcecode.swift; path = AppDelegate.swift; sourceTree = "<group>"; };
		4CC20FCF27CFAB8B00DE15DB /* SceneDelegate.swift */ = {isa = PBXFileReference; lastKnownFileType = sourcecode.swift; path = SceneDelegate.swift; sourceTree = "<group>"; };
		4CC20FD427CFAB8B00DE15DB /* Base */ = {isa = PBXFileReference; lastKnownFileType = file.storyboard; name = Base; path = Base.lproj/Main.storyboard; sourceTree = "<group>"; };
		4CC20FD727CFAB8B00DE15DB /* Fuel.xcdatamodel */ = {isa = PBXFileReference; lastKnownFileType = wrapper.xcdatamodel; path = Fuel.xcdatamodel; sourceTree = "<group>"; };
		4CC20FD927CFAB9600DE15DB /* Assets.xcassets */ = {isa = PBXFileReference; lastKnownFileType = folder.assetcatalog; path = Assets.xcassets; sourceTree = "<group>"; };
		4CC20FDC27CFAB9600DE15DB /* Base */ = {isa = PBXFileReference; lastKnownFileType = file.storyboard; name = Base; path = Base.lproj/LaunchScreen.storyboard; sourceTree = "<group>"; };
		4CC20FDE27CFAB9600DE15DB /* Info.plist */ = {isa = PBXFileReference; lastKnownFileType = text.plist.xml; path = Info.plist; sourceTree = "<group>"; };
		4CC20FE327CFAB9700DE15DB /* FuelTests.xctest */ = {isa = PBXFileReference; explicitFileType = wrapper.cfbundle; includeInIndex = 0; path = FuelTests.xctest; sourceTree = BUILT_PRODUCTS_DIR; };
		4CC20FE727CFAB9700DE15DB /* FuelTests.swift */ = {isa = PBXFileReference; lastKnownFileType = sourcecode.swift; path = FuelTests.swift; sourceTree = "<group>"; };
		4CC20FED27CFAB9700DE15DB /* FuelUITests.xctest */ = {isa = PBXFileReference; explicitFileType = wrapper.cfbundle; includeInIndex = 0; path = FuelUITests.xctest; sourceTree = BUILT_PRODUCTS_DIR; };
		4CC20FF127CFAB9700DE15DB /* FuelUITests.swift */ = {isa = PBXFileReference; lastKnownFileType = sourcecode.swift; path = FuelUITests.swift; sourceTree = "<group>"; };
		4CC20FF327CFAB9700DE15DB /* FuelUITestsLaunchTests.swift */ = {isa = PBXFileReference; lastKnownFileType = sourcecode.swift; path = FuelUITestsLaunchTests.swift; sourceTree = "<group>"; };
		4CC2100627CFAFF900DE15DB /* Utility.swift */ = {isa = PBXFileReference; fileEncoding = 4; lastKnownFileType = sourcecode.swift; path = Utility.swift; sourceTree = "<group>"; };
		4CC2100727CFAFFA00DE15DB /* AppManager.swift */ = {isa = PBXFileReference; fileEncoding = 4; lastKnownFileType = sourcecode.swift; path = AppManager.swift; sourceTree = "<group>"; };
		4CC2100A27CFB02400DE15DB /* CardView.swift */ = {isa = PBXFileReference; fileEncoding = 4; lastKnownFileType = sourcecode.swift; path = CardView.swift; sourceTree = "<group>"; };
		4CC2100C27CFB03B00DE15DB /* String+Extensions.swift */ = {isa = PBXFileReference; fileEncoding = 4; lastKnownFileType = sourcecode.swift; path = "String+Extensions.swift"; sourceTree = "<group>"; };
		4CC2100D27CFB03B00DE15DB /* UIViewController+Extension.swift */ = {isa = PBXFileReference; fileEncoding = 4; lastKnownFileType = sourcecode.swift; path = "UIViewController+Extension.swift"; sourceTree = "<group>"; };
		4CC2100E27CFB03B00DE15DB /* UIViews+Extensions.swift */ = {isa = PBXFileReference; fileEncoding = 4; lastKnownFileType = sourcecode.swift; path = "UIViews+Extensions.swift"; sourceTree = "<group>"; };
		4CC2100F27CFB03B00DE15DB /* UserDefaults+Extension.swift */ = {isa = PBXFileReference; fileEncoding = 4; lastKnownFileType = sourcecode.swift; path = "UserDefaults+Extension.swift"; sourceTree = "<group>"; };
		4CC2101427CFB04F00DE15DB /* Custom Messgaes.swift */ = {isa = PBXFileReference; fileEncoding = 4; lastKnownFileType = sourcecode.swift; path = "Custom Messgaes.swift"; sourceTree = "<group>"; };
		4CC2101927CFB09700DE15DB /* Configuration.swift */ = {isa = PBXFileReference; fileEncoding = 4; lastKnownFileType = sourcecode.swift; path = Configuration.swift; sourceTree = "<group>"; };
		4CC2101B27CFB0A400DE15DB /* AuthenticationFeed.swift */ = {isa = PBXFileReference; fileEncoding = 4; lastKnownFileType = sourcecode.swift; path = AuthenticationFeed.swift; sourceTree = "<group>"; };
		4CC2101C27CFB0A400DE15DB /* APiServicesClient.swift */ = {isa = PBXFileReference; fileEncoding = 4; lastKnownFileType = sourcecode.swift; path = APiServicesClient.swift; sourceTree = "<group>"; };
		4CC2101D27CFB0A500DE15DB /* APiServicesFeed.swift */ = {isa = PBXFileReference; fileEncoding = 4; lastKnownFileType = sourcecode.swift; path = APiServicesFeed.swift; sourceTree = "<group>"; };
		4CC2101E27CFB0A500DE15DB /* AuthenticationClient.swift */ = {isa = PBXFileReference; fileEncoding = 4; lastKnownFileType = sourcecode.swift; path = AuthenticationClient.swift; sourceTree = "<group>"; };
		4CC2102327CFB0B700DE15DB /* APIError.swift */ = {isa = PBXFileReference; fileEncoding = 4; lastKnownFileType = sourcecode.swift; path = APIError.swift; sourceTree = "<group>"; };
		4CC2102427CFB0B700DE15DB /* HTTPHeader.swift */ = {isa = PBXFileReference; fileEncoding = 4; lastKnownFileType = sourcecode.swift; path = HTTPHeader.swift; sourceTree = "<group>"; };
		4CC2102527CFB0B700DE15DB /* Result.swift */ = {isa = PBXFileReference; fileEncoding = 4; lastKnownFileType = sourcecode.swift; path = Result.swift; sourceTree = "<group>"; };
		4CC2102627CFB0B800DE15DB /* APIClient.swift */ = {isa = PBXFileReference; fileEncoding = 4; lastKnownFileType = sourcecode.swift; path = APIClient.swift; sourceTree = "<group>"; };
		4CC2102727CFB0B800DE15DB /* EndPoint.swift */ = {isa = PBXFileReference; fileEncoding = 4; lastKnownFileType = sourcecode.swift; path = EndPoint.swift; sourceTree = "<group>"; };
		4CC2102827CFB0B800DE15DB /* HTTPMethod.swift */ = {isa = PBXFileReference; fileEncoding = 4; lastKnownFileType = sourcecode.swift; path = HTTPMethod.swift; sourceTree = "<group>"; };
		4CC2103027CFB1E100DE15DB /* AuthViewController.swift */ = {isa = PBXFileReference; fileEncoding = 4; lastKnownFileType = sourcecode.swift; path = AuthViewController.swift; sourceTree = "<group>"; };
		4CC2103127CFB1E100DE15DB /* AuthPresenter.swift */ = {isa = PBXFileReference; fileEncoding = 4; lastKnownFileType = sourcecode.swift; path = AuthPresenter.swift; sourceTree = "<group>"; };
		4CC2103227CFB1E100DE15DB /* LoginModel.swift */ = {isa = PBXFileReference; fileEncoding = 4; lastKnownFileType = sourcecode.swift; path = LoginModel.swift; sourceTree = "<group>"; };
		4CC2103827CFB68300DE15DB /* ScanerViewController.swift */ = {isa = PBXFileReference; lastKnownFileType = sourcecode.swift; path = ScanerViewController.swift; sourceTree = "<group>"; };
		79D8CB45B2736D7721A3F22F /* Pods_Fuel.framework */ = {isa = PBXFileReference; explicitFileType = wrapper.framework; includeInIndex = 0; path = Pods_Fuel.framework; sourceTree = BUILT_PRODUCTS_DIR; };
		8B72278FF7A42A1B2A080450 /* Pods-Fuel.release.xcconfig */ = {isa = PBXFileReference; includeInIndex = 1; lastKnownFileType = text.xcconfig; name = "Pods-Fuel.release.xcconfig"; path = "Target Support Files/Pods-Fuel/Pods-Fuel.release.xcconfig"; sourceTree = "<group>"; };
		D73E98E3986AF908170B4660 /* Pods-FuelTests.debug.xcconfig */ = {isa = PBXFileReference; includeInIndex = 1; lastKnownFileType = text.xcconfig; name = "Pods-FuelTests.debug.xcconfig"; path = "Target Support Files/Pods-FuelTests/Pods-FuelTests.debug.xcconfig"; sourceTree = "<group>"; };
		FE157E0E6ABFC14DB5DC7F7C /* Pods-FuelTests.release.xcconfig */ = {isa = PBXFileReference; includeInIndex = 1; lastKnownFileType = text.xcconfig; name = "Pods-FuelTests.release.xcconfig"; path = "Target Support Files/Pods-FuelTests/Pods-FuelTests.release.xcconfig"; sourceTree = "<group>"; };
/* End PBXFileReference section */

/* Begin PBXFrameworksBuildPhase section */
		4CC20FC727CFAB8B00DE15DB /* Frameworks */ = {
			isa = PBXFrameworksBuildPhase;
			buildActionMask = 2147483647;
			files = (
				4C0ACA3027D0A666007DCB51 /* ScannerOverlay in Frameworks */,
				F53111D729C6FB833A2D4308 /* Pods_Fuel.framework in Frameworks */,
			);
			runOnlyForDeploymentPostprocessing = 0;
		};
		4CC20FE027CFAB9700DE15DB /* Frameworks */ = {
			isa = PBXFrameworksBuildPhase;
			buildActionMask = 2147483647;
			files = (
				23CCC0C91F284118FAEAB9E4 /* Pods_FuelTests.framework in Frameworks */,
			);
			runOnlyForDeploymentPostprocessing = 0;
		};
		4CC20FEA27CFAB9700DE15DB /* Frameworks */ = {
			isa = PBXFrameworksBuildPhase;
			buildActionMask = 2147483647;
			files = (
				AB650E1531F930B57B5AA057 /* Pods_Fuel_FuelUITests.framework in Frameworks */,
			);
			runOnlyForDeploymentPostprocessing = 0;
		};
/* End PBXFrameworksBuildPhase section */

/* Begin PBXGroup section */
		3569354A55D2C0C9360CFDBB /* Pods */ = {
			isa = PBXGroup;
			children = (
				1945C832F6C49A01872C530C /* Pods-Fuel.debug.xcconfig */,
				8B72278FF7A42A1B2A080450 /* Pods-Fuel.release.xcconfig */,
				3A3A55649E4E17910F6C6065 /* Pods-Fuel-FuelUITests.debug.xcconfig */,
				0C5F5C9082C39BA50162E586 /* Pods-Fuel-FuelUITests.release.xcconfig */,
				D73E98E3986AF908170B4660 /* Pods-FuelTests.debug.xcconfig */,
				FE157E0E6ABFC14DB5DC7F7C /* Pods-FuelTests.release.xcconfig */,
			);
			path = Pods;
			sourceTree = "<group>";
		};
		4C139AFD27DB694900B6B94A /* ShipmentDetails */ = {
			isa = PBXGroup;
			children = (
				4C139AFE27DB695E00B6B94A /* ShipmentDetailsViewController.swift */,
				4C139AFF27DB695F00B6B94A /* ShipmentDetailsPresenter.swift */,
			);
			path = ShipmentDetails;
			sourceTree = "<group>";
		};
		4C28488D27DDFF7F00407429 /* My Shipments */ = {
			isa = PBXGroup;
			children = (
				4C28488F27DDFF9300407429 /* AllShipmentsViewController.swift */,
				4C28489027DDFF9300407429 /* AllShipmentsPresenter.swift */,
				4C28488E27DDFF9200407429 /* ShipmentTableViewCell.swift */,
				4C28492627E0D20A00407429 /* RetaildShipmentTableViewCell.swift */,
			);
			path = "My Shipments";
			sourceTree = "<group>";
		};
		4C28492127DF4F6000407429 /* Retail Shipments */ = {
			isa = PBXGroup;
			children = (
				4C28492227DF4F9500407429 /* RetailShipmentViewController.swift */,
				4C28492427DF4FB000407429 /* RetailShipmentPresenter.swift */,
			);
			path = "Retail Shipments";
			sourceTree = "<group>";
		};
		4C6A559227CFE44800EC36E7 /* ShipmentOperations */ = {
			isa = PBXGroup;
			children = (
				4C6A559427CFE46F00EC36E7 /* ShipmentQRCodeViewController.swift */,
				4C6A559327CFE46F00EC36E7 /* ShipmentOperationPresenter.swift */,
				4C6A559727CFE48600EC36E7 /* ShipmentModel.swift */,
			);
			path = ShipmentOperations;
			sourceTree = "<group>";
		};
		4C6B66D027D4D95100E23343 /* Settings */ = {
			isa = PBXGroup;
			children = (
				4C6B66CE27D4D90000E23343 /* SettingsTableViewController.swift */,
			);
			path = Settings;
			sourceTree = "<group>";
		};
		4C8C14B827E9CC1700AF4652 /* More Shipment Details */ = {
			isa = PBXGroup;
			children = (
				4C8C14B927E9CC3E00AF4652 /* MoreShipmentDetailsViewController.swift */,
			);
			path = "More Shipment Details";
			sourceTree = "<group>";
		};
		4CC20FC127CFAB8A00DE15DB = {
			isa = PBXGroup;
			children = (
				4CC20FCC27CFAB8B00DE15DB /* Fuel */,
				4CC20FE627CFAB9700DE15DB /* FuelTests */,
				4CC20FF027CFAB9700DE15DB /* FuelUITests */,
				4CC20FCB27CFAB8B00DE15DB /* Products */,
				3569354A55D2C0C9360CFDBB /* Pods */,
				E6DDD807FAD42EA027A56280 /* Frameworks */,
			);
			sourceTree = "<group>";
		};
		4CC20FCB27CFAB8B00DE15DB /* Products */ = {
			isa = PBXGroup;
			children = (
				4CC20FCA27CFAB8B00DE15DB /* Fuel.app */,
				4CC20FE327CFAB9700DE15DB /* FuelTests.xctest */,
				4CC20FED27CFAB9700DE15DB /* FuelUITests.xctest */,
			);
			name = Products;
			sourceTree = "<group>";
		};
		4CC20FCC27CFAB8B00DE15DB /* Fuel */ = {
			isa = PBXGroup;
			children = (
				4CC2102F27CFB18900DE15DB /* Scene */,
				4CC2100527CFAFC800DE15DB /* Networking */,
				4CC2100427CFAFAB00DE15DB /* Common */,
				4CC2100327CFAFA000DE15DB /* Extensions */,
				4CC2100227CFAF9500DE15DB /* Utilites */,
				4CC2100127CFAF8300DE15DB /* Views */,
				4CC2100027CFAF5300DE15DB /* App */,
				4CC20FD327CFAB8B00DE15DB /* Main.storyboard */,
				4CC20FD927CFAB9600DE15DB /* Assets.xcassets */,
				4CC20FDB27CFAB9600DE15DB /* LaunchScreen.storyboard */,
				4CC20FDE27CFAB9600DE15DB /* Info.plist */,
				4CC20FD627CFAB8B00DE15DB /* Fuel.xcdatamodeld */,
			);
			path = Fuel;
			sourceTree = "<group>";
		};
		4CC20FE627CFAB9700DE15DB /* FuelTests */ = {
			isa = PBXGroup;
			children = (
				4CC20FE727CFAB9700DE15DB /* FuelTests.swift */,
			);
			path = FuelTests;
			sourceTree = "<group>";
		};
		4CC20FF027CFAB9700DE15DB /* FuelUITests */ = {
			isa = PBXGroup;
			children = (
				4CC20FF127CFAB9700DE15DB /* FuelUITests.swift */,
				4CC20FF327CFAB9700DE15DB /* FuelUITestsLaunchTests.swift */,
			);
			path = FuelUITests;
			sourceTree = "<group>";
		};
		4CC2100027CFAF5300DE15DB /* App */ = {
			isa = PBXGroup;
			children = (
				4CC20FCD27CFAB8B00DE15DB /* AppDelegate.swift */,
				4CC20FCF27CFAB8B00DE15DB /* SceneDelegate.swift */,
			);
			path = App;
			sourceTree = "<group>";
		};
		4CC2100127CFAF8300DE15DB /* Views */ = {
			isa = PBXGroup;
			children = (
				4CC2101427CFB04F00DE15DB /* Custom Messgaes.swift */,
				4CC2100A27CFB02400DE15DB /* CardView.swift */,
			);
			path = Views;
			sourceTree = "<group>";
		};
		4CC2100227CFAF9500DE15DB /* Utilites */ = {
			isa = PBXGroup;
			children = (
				4CC2100727CFAFFA00DE15DB /* AppManager.swift */,
				4CC2100627CFAFF900DE15DB /* Utility.swift */,
			);
			path = Utilites;
			sourceTree = "<group>";
		};
		4CC2100327CFAFA000DE15DB /* Extensions */ = {
			isa = PBXGroup;
			children = (
				4CC2100C27CFB03B00DE15DB /* String+Extensions.swift */,
				4CC2100D27CFB03B00DE15DB /* UIViewController+Extension.swift */,
				4CC2100E27CFB03B00DE15DB /* UIViews+Extensions.swift */,
				4CC2100F27CFB03B00DE15DB /* UserDefaults+Extension.swift */,
			);
			path = Extensions;
			sourceTree = "<group>";
		};
		4CC2100427CFAFAB00DE15DB /* Common */ = {
			isa = PBXGroup;
			children = (
				4C6B66CC27D38F4C00E23343 /* URL.swift */,
			);
			path = Common;
			sourceTree = "<group>";
		};
		4CC2100527CFAFC800DE15DB /* Networking */ = {
			isa = PBXGroup;
			children = (
				4CC2101827CFB07E00DE15DB /* APis */,
				4CC2101727CFB06D00DE15DB /* Config */,
				4CC2101627CFB06000DE15DB /* Core */,
			);
			path = Networking;
			sourceTree = "<group>";
		};
		4CC2101627CFB06000DE15DB /* Core */ = {
			isa = PBXGroup;
			children = (
				4CC2102627CFB0B800DE15DB /* APIClient.swift */,
				4CC2102327CFB0B700DE15DB /* APIError.swift */,
				4CC2102727CFB0B800DE15DB /* EndPoint.swift */,
				4CC2102427CFB0B700DE15DB /* HTTPHeader.swift */,
				4CC2102827CFB0B800DE15DB /* HTTPMethod.swift */,
				4CC2102527CFB0B700DE15DB /* Result.swift */,
			);
			path = Core;
			sourceTree = "<group>";
		};
		4CC2101727CFB06D00DE15DB /* Config */ = {
			isa = PBXGroup;
			children = (
				4CC2101927CFB09700DE15DB /* Configuration.swift */,
			);
			path = Config;
			sourceTree = "<group>";
		};
		4CC2101827CFB07E00DE15DB /* APis */ = {
			isa = PBXGroup;
			children = (
				4CC2101C27CFB0A400DE15DB /* APiServicesClient.swift */,
				4CC2101D27CFB0A500DE15DB /* APiServicesFeed.swift */,
				4CC2101E27CFB0A500DE15DB /* AuthenticationClient.swift */,
				4CC2101B27CFB0A400DE15DB /* AuthenticationFeed.swift */,
			);
			path = APis;
			sourceTree = "<group>";
		};
		4CC2102F27CFB18900DE15DB /* Scene */ = {
			isa = PBXGroup;
			children = (
				4C8C14B827E9CC1700AF4652 /* More Shipment Details */,
				4C28492127DF4F6000407429 /* Retail Shipments */,
				4C28488D27DDFF7F00407429 /* My Shipments */,
				4C139AFD27DB694900B6B94A /* ShipmentDetails */,
				4C6B66D027D4D95100E23343 /* Settings */,
				4C6A559227CFE44800EC36E7 /* ShipmentOperations */,
				4CC2103727CFB65500DE15DB /* Main */,
				4CC2103627CFB1F300DE15DB /* Auth */,
			);
			path = Scene;
			sourceTree = "<group>";
		};
		4CC2103627CFB1F300DE15DB /* Auth */ = {
			isa = PBXGroup;
			children = (
				4CC2103027CFB1E100DE15DB /* AuthViewController.swift */,
				4CC2103127CFB1E100DE15DB /* AuthPresenter.swift */,
				4CC2103227CFB1E100DE15DB /* LoginModel.swift */,
			);
			path = Auth;
			sourceTree = "<group>";
		};
		4CC2103727CFB65500DE15DB /* Main */ = {
			isa = PBXGroup;
			children = (
				4CC2103827CFB68300DE15DB /* ScanerViewController.swift */,
			);
			path = Main;
			sourceTree = "<group>";
		};
		E6DDD807FAD42EA027A56280 /* Frameworks */ = {
			isa = PBXGroup;
			children = (
				79D8CB45B2736D7721A3F22F /* Pods_Fuel.framework */,
				1EF84E2FB6D3F131777F13F1 /* Pods_Fuel_FuelUITests.framework */,
				1F7412D207CD4C91C0007E92 /* Pods_FuelTests.framework */,
			);
			name = Frameworks;
			sourceTree = "<group>";
		};
/* End PBXGroup section */

/* Begin PBXNativeTarget section */
		4CC20FC927CFAB8B00DE15DB /* Fuel */ = {
			isa = PBXNativeTarget;
			buildConfigurationList = 4CC20FF727CFAB9700DE15DB /* Build configuration list for PBXNativeTarget "Fuel" */;
			buildPhases = (
				C859CDF06342A0B8F6292161 /* [CP] Check Pods Manifest.lock */,
				4CC20FC627CFAB8B00DE15DB /* Sources */,
				4CC20FC727CFAB8B00DE15DB /* Frameworks */,
				4CC20FC827CFAB8B00DE15DB /* Resources */,
				7DFDF50F7D14F51854B5E509 /* [CP] Embed Pods Frameworks */,
			);
			buildRules = (
			);
			dependencies = (
			);
			name = Fuel;
			packageProductDependencies = (
				4C0ACA2F27D0A666007DCB51 /* ScannerOverlay */,
			);
			productName = Fuel;
			productReference = 4CC20FCA27CFAB8B00DE15DB /* Fuel.app */;
			productType = "com.apple.product-type.application";
		};
		4CC20FE227CFAB9700DE15DB /* FuelTests */ = {
			isa = PBXNativeTarget;
			buildConfigurationList = 4CC20FFA27CFAB9700DE15DB /* Build configuration list for PBXNativeTarget "FuelTests" */;
			buildPhases = (
				49A128633C8531A6974E3A97 /* [CP] Check Pods Manifest.lock */,
				4CC20FDF27CFAB9700DE15DB /* Sources */,
				4CC20FE027CFAB9700DE15DB /* Frameworks */,
				4CC20FE127CFAB9700DE15DB /* Resources */,
			);
			buildRules = (
			);
			dependencies = (
				4CC20FE527CFAB9700DE15DB /* PBXTargetDependency */,
			);
			name = FuelTests;
			productName = FuelTests;
			productReference = 4CC20FE327CFAB9700DE15DB /* FuelTests.xctest */;
			productType = "com.apple.product-type.bundle.unit-test";
		};
		4CC20FEC27CFAB9700DE15DB /* FuelUITests */ = {
			isa = PBXNativeTarget;
			buildConfigurationList = 4CC20FFD27CFAB9700DE15DB /* Build configuration list for PBXNativeTarget "FuelUITests" */;
			buildPhases = (
				0001C2FA8688B1FC866646D2 /* [CP] Check Pods Manifest.lock */,
				4CC20FE927CFAB9700DE15DB /* Sources */,
				4CC20FEA27CFAB9700DE15DB /* Frameworks */,
				4CC20FEB27CFAB9700DE15DB /* Resources */,
				503CA50E2BA073DB346D69DD /* [CP] Embed Pods Frameworks */,
			);
			buildRules = (
			);
			dependencies = (
				4CC20FEF27CFAB9700DE15DB /* PBXTargetDependency */,
			);
			name = FuelUITests;
			productName = FuelUITests;
			productReference = 4CC20FED27CFAB9700DE15DB /* FuelUITests.xctest */;
			productType = "com.apple.product-type.bundle.ui-testing";
		};
/* End PBXNativeTarget section */

/* Begin PBXProject section */
		4CC20FC227CFAB8A00DE15DB /* Project object */ = {
			isa = PBXProject;
			attributes = {
				BuildIndependentTargetsInParallel = 1;
				LastSwiftUpdateCheck = 1320;
				LastUpgradeCheck = 1320;
				TargetAttributes = {
					4CC20FC927CFAB8B00DE15DB = {
						CreatedOnToolsVersion = 13.2.1;
					};
					4CC20FE227CFAB9700DE15DB = {
						CreatedOnToolsVersion = 13.2.1;
						TestTargetID = 4CC20FC927CFAB8B00DE15DB;
					};
					4CC20FEC27CFAB9700DE15DB = {
						CreatedOnToolsVersion = 13.2.1;
						TestTargetID = 4CC20FC927CFAB8B00DE15DB;
					};
				};
			};
			buildConfigurationList = 4CC20FC527CFAB8A00DE15DB /* Build configuration list for PBXProject "Fuel" */;
			compatibilityVersion = "Xcode 13.0";
			developmentRegion = en;
			hasScannedForEncodings = 0;
			knownRegions = (
				en,
				Base,
			);
			mainGroup = 4CC20FC127CFAB8A00DE15DB;
			packageReferences = (
				4C0ACA2E27D0A665007DCB51 /* XCRemoteSwiftPackageReference "scanner-overlay" */,
			);
			productRefGroup = 4CC20FCB27CFAB8B00DE15DB /* Products */;
			projectDirPath = "";
			projectRoot = "";
			targets = (
				4CC20FC927CFAB8B00DE15DB /* Fuel */,
				4CC20FE227CFAB9700DE15DB /* FuelTests */,
				4CC20FEC27CFAB9700DE15DB /* FuelUITests */,
			);
		};
/* End PBXProject section */

/* Begin PBXResourcesBuildPhase section */
		4CC20FC827CFAB8B00DE15DB /* Resources */ = {
			isa = PBXResourcesBuildPhase;
			buildActionMask = 2147483647;
			files = (
				4CC20FDD27CFAB9600DE15DB /* LaunchScreen.storyboard in Resources */,
				4CC20FDA27CFAB9600DE15DB /* Assets.xcassets in Resources */,
				4CC20FD527CFAB8B00DE15DB /* Main.storyboard in Resources */,
			);
			runOnlyForDeploymentPostprocessing = 0;
		};
		4CC20FE127CFAB9700DE15DB /* Resources */ = {
			isa = PBXResourcesBuildPhase;
			buildActionMask = 2147483647;
			files = (
			);
			runOnlyForDeploymentPostprocessing = 0;
		};
		4CC20FEB27CFAB9700DE15DB /* Resources */ = {
			isa = PBXResourcesBuildPhase;
			buildActionMask = 2147483647;
			files = (
			);
			runOnlyForDeploymentPostprocessing = 0;
		};
/* End PBXResourcesBuildPhase section */

/* Begin PBXShellScriptBuildPhase section */
		0001C2FA8688B1FC866646D2 /* [CP] Check Pods Manifest.lock */ = {
			isa = PBXShellScriptBuildPhase;
			buildActionMask = 2147483647;
			files = (
			);
			inputFileListPaths = (
			);
			inputPaths = (
				"${PODS_PODFILE_DIR_PATH}/Podfile.lock",
				"${PODS_ROOT}/Manifest.lock",
			);
			name = "[CP] Check Pods Manifest.lock";
			outputFileListPaths = (
			);
			outputPaths = (
				"$(DERIVED_FILE_DIR)/Pods-Fuel-FuelUITests-checkManifestLockResult.txt",
			);
			runOnlyForDeploymentPostprocessing = 0;
			shellPath = /bin/sh;
			shellScript = "diff \"${PODS_PODFILE_DIR_PATH}/Podfile.lock\" \"${PODS_ROOT}/Manifest.lock\" > /dev/null\nif [ $? != 0 ] ; then\n    # print error to STDERR\n    echo \"error: The sandbox is not in sync with the Podfile.lock. Run 'pod install' or update your CocoaPods installation.\" >&2\n    exit 1\nfi\n# This output is used by Xcode 'outputs' to avoid re-running this script phase.\necho \"SUCCESS\" > \"${SCRIPT_OUTPUT_FILE_0}\"\n";
			showEnvVarsInLog = 0;
		};
		49A128633C8531A6974E3A97 /* [CP] Check Pods Manifest.lock */ = {
			isa = PBXShellScriptBuildPhase;
			buildActionMask = 2147483647;
			files = (
			);
			inputFileListPaths = (
			);
			inputPaths = (
				"${PODS_PODFILE_DIR_PATH}/Podfile.lock",
				"${PODS_ROOT}/Manifest.lock",
			);
			name = "[CP] Check Pods Manifest.lock";
			outputFileListPaths = (
			);
			outputPaths = (
				"$(DERIVED_FILE_DIR)/Pods-FuelTests-checkManifestLockResult.txt",
			);
			runOnlyForDeploymentPostprocessing = 0;
			shellPath = /bin/sh;
			shellScript = "diff \"${PODS_PODFILE_DIR_PATH}/Podfile.lock\" \"${PODS_ROOT}/Manifest.lock\" > /dev/null\nif [ $? != 0 ] ; then\n    # print error to STDERR\n    echo \"error: The sandbox is not in sync with the Podfile.lock. Run 'pod install' or update your CocoaPods installation.\" >&2\n    exit 1\nfi\n# This output is used by Xcode 'outputs' to avoid re-running this script phase.\necho \"SUCCESS\" > \"${SCRIPT_OUTPUT_FILE_0}\"\n";
			showEnvVarsInLog = 0;
		};
		503CA50E2BA073DB346D69DD /* [CP] Embed Pods Frameworks */ = {
			isa = PBXShellScriptBuildPhase;
			buildActionMask = 2147483647;
			files = (
			);
			inputFileListPaths = (
				"${PODS_ROOT}/Target Support Files/Pods-Fuel-FuelUITests/Pods-Fuel-FuelUITests-frameworks-${CONFIGURATION}-input-files.xcfilelist",
			);
			name = "[CP] Embed Pods Frameworks";
			outputFileListPaths = (
				"${PODS_ROOT}/Target Support Files/Pods-Fuel-FuelUITests/Pods-Fuel-FuelUITests-frameworks-${CONFIGURATION}-output-files.xcfilelist",
			);
			runOnlyForDeploymentPostprocessing = 0;
			shellPath = /bin/sh;
			shellScript = "\"${PODS_ROOT}/Target Support Files/Pods-Fuel-FuelUITests/Pods-Fuel-FuelUITests-frameworks.sh\"\n";
			showEnvVarsInLog = 0;
		};
		7DFDF50F7D14F51854B5E509 /* [CP] Embed Pods Frameworks */ = {
			isa = PBXShellScriptBuildPhase;
			buildActionMask = 2147483647;
			files = (
			);
			inputFileListPaths = (
				"${PODS_ROOT}/Target Support Files/Pods-Fuel/Pods-Fuel-frameworks-${CONFIGURATION}-input-files.xcfilelist",
			);
			name = "[CP] Embed Pods Frameworks";
			outputFileListPaths = (
				"${PODS_ROOT}/Target Support Files/Pods-Fuel/Pods-Fuel-frameworks-${CONFIGURATION}-output-files.xcfilelist",
			);
			runOnlyForDeploymentPostprocessing = 0;
			shellPath = /bin/sh;
			shellScript = "\"${PODS_ROOT}/Target Support Files/Pods-Fuel/Pods-Fuel-frameworks.sh\"\n";
			showEnvVarsInLog = 0;
		};
		C859CDF06342A0B8F6292161 /* [CP] Check Pods Manifest.lock */ = {
			isa = PBXShellScriptBuildPhase;
			buildActionMask = 2147483647;
			files = (
			);
			inputFileListPaths = (
			);
			inputPaths = (
				"${PODS_PODFILE_DIR_PATH}/Podfile.lock",
				"${PODS_ROOT}/Manifest.lock",
			);
			name = "[CP] Check Pods Manifest.lock";
			outputFileListPaths = (
			);
			outputPaths = (
				"$(DERIVED_FILE_DIR)/Pods-Fuel-checkManifestLockResult.txt",
			);
			runOnlyForDeploymentPostprocessing = 0;
			shellPath = /bin/sh;
			shellScript = "diff \"${PODS_PODFILE_DIR_PATH}/Podfile.lock\" \"${PODS_ROOT}/Manifest.lock\" > /dev/null\nif [ $? != 0 ] ; then\n    # print error to STDERR\n    echo \"error: The sandbox is not in sync with the Podfile.lock. Run 'pod install' or update your CocoaPods installation.\" >&2\n    exit 1\nfi\n# This output is used by Xcode 'outputs' to avoid re-running this script phase.\necho \"SUCCESS\" > \"${SCRIPT_OUTPUT_FILE_0}\"\n";
			showEnvVarsInLog = 0;
		};
/* End PBXShellScriptBuildPhase section */

/* Begin PBXSourcesBuildPhase section */
		4CC20FC627CFAB8B00DE15DB /* Sources */ = {
			isa = PBXSourcesBuildPhase;
			buildActionMask = 2147483647;
			files = (
				4CC2102A27CFB0B800DE15DB /* HTTPHeader.swift in Sources */,
				4CC2101127CFB03B00DE15DB /* UIViewController+Extension.swift in Sources */,
				4CC2102B27CFB0B800DE15DB /* Result.swift in Sources */,
				4C139B0027DB695F00B6B94A /* ShipmentDetailsViewController.swift in Sources */,
				4C28489227DDFF9300407429 /* AllShipmentsViewController.swift in Sources */,
				4CC2102C27CFB0B800DE15DB /* APIClient.swift in Sources */,
				4CC2100827CFAFFA00DE15DB /* Utility.swift in Sources */,
				4C6B66CD27D38F4C00E23343 /* URL.swift in Sources */,
				4CC2101027CFB03B00DE15DB /* String+Extensions.swift in Sources */,
				4CC2102927CFB0B800DE15DB /* APIError.swift in Sources */,
				4C8C14BA27E9CC3E00AF4652 /* MoreShipmentDetailsViewController.swift in Sources */,
				4CC2100927CFAFFA00DE15DB /* AppManager.swift in Sources */,
				4CC2103927CFB68400DE15DB /* ScanerViewController.swift in Sources */,
				4C28489127DDFF9300407429 /* ShipmentTableViewCell.swift in Sources */,
				4CC2102227CFB0A500DE15DB /* AuthenticationClient.swift in Sources */,
				4C6A559627CFE47000EC36E7 /* ShipmentQRCodeViewController.swift in Sources */,
				4CC20FD827CFAB8B00DE15DB /* Fuel.xcdatamodeld in Sources */,
				4C28492327DF4F9600407429 /* RetailShipmentViewController.swift in Sources */,
				4CC2103527CFB1E100DE15DB /* LoginModel.swift in Sources */,
				4CC20FCE27CFAB8B00DE15DB /* AppDelegate.swift in Sources */,
				4CC2101F27CFB0A500DE15DB /* AuthenticationFeed.swift in Sources */,
				4CC2102D27CFB0B800DE15DB /* EndPoint.swift in Sources */,
				4C6B66CF27D4D90100E23343 /* SettingsTableViewController.swift in Sources */,
				4CC2102027CFB0A500DE15DB /* APiServicesClient.swift in Sources */,
				4C28489327DDFF9300407429 /* AllShipmentsPresenter.swift in Sources */,
				4CC2102E27CFB0B800DE15DB /* HTTPMethod.swift in Sources */,
				4CC2101A27CFB09700DE15DB /* Configuration.swift in Sources */,
				4C6A559827CFE48600EC36E7 /* ShipmentModel.swift in Sources */,
				4C139B0127DB695F00B6B94A /* ShipmentDetailsPresenter.swift in Sources */,
				4CC2103427CFB1E100DE15DB /* AuthPresenter.swift in Sources */,
				4C28492727E0D20F00407429 /* RetaildShipmentTableViewCell.swift in Sources */,
				4CC2103327CFB1E100DE15DB /* AuthViewController.swift in Sources */,
				4CC2102127CFB0A500DE15DB /* APiServicesFeed.swift in Sources */,
				4CC2101227CFB03B00DE15DB /* UIViews+Extensions.swift in Sources */,
				4CC2100B27CFB02400DE15DB /* CardView.swift in Sources */,
				4CC2101327CFB03B00DE15DB /* UserDefaults+Extension.swift in Sources */,
				4CC2101527CFB05000DE15DB /* Custom Messgaes.swift in Sources */,
				4C28492527DF4FB000407429 /* RetailShipmentPresenter.swift in Sources */,
				4CC20FD027CFAB8B00DE15DB /* SceneDelegate.swift in Sources */,
				4C6A559527CFE47000EC36E7 /* ShipmentOperationPresenter.swift in Sources */,
			);
			runOnlyForDeploymentPostprocessing = 0;
		};
		4CC20FDF27CFAB9700DE15DB /* Sources */ = {
			isa = PBXSourcesBuildPhase;
			buildActionMask = 2147483647;
			files = (
				4CC20FE827CFAB9700DE15DB /* FuelTests.swift in Sources */,
			);
			runOnlyForDeploymentPostprocessing = 0;
		};
		4CC20FE927CFAB9700DE15DB /* Sources */ = {
			isa = PBXSourcesBuildPhase;
			buildActionMask = 2147483647;
			files = (
				4CC20FF427CFAB9700DE15DB /* FuelUITestsLaunchTests.swift in Sources */,
				4CC20FF227CFAB9700DE15DB /* FuelUITests.swift in Sources */,
			);
			runOnlyForDeploymentPostprocessing = 0;
		};
/* End PBXSourcesBuildPhase section */

/* Begin PBXTargetDependency section */
		4CC20FE527CFAB9700DE15DB /* PBXTargetDependency */ = {
			isa = PBXTargetDependency;
			target = 4CC20FC927CFAB8B00DE15DB /* Fuel */;
			targetProxy = 4CC20FE427CFAB9700DE15DB /* PBXContainerItemProxy */;
		};
		4CC20FEF27CFAB9700DE15DB /* PBXTargetDependency */ = {
			isa = PBXTargetDependency;
			target = 4CC20FC927CFAB8B00DE15DB /* Fuel */;
			targetProxy = 4CC20FEE27CFAB9700DE15DB /* PBXContainerItemProxy */;
		};
/* End PBXTargetDependency section */

/* Begin PBXVariantGroup section */
		4CC20FD327CFAB8B00DE15DB /* Main.storyboard */ = {
			isa = PBXVariantGroup;
			children = (
				4CC20FD427CFAB8B00DE15DB /* Base */,
			);
			name = Main.storyboard;
			sourceTree = "<group>";
		};
		4CC20FDB27CFAB9600DE15DB /* LaunchScreen.storyboard */ = {
			isa = PBXVariantGroup;
			children = (
				4CC20FDC27CFAB9600DE15DB /* Base */,
			);
			name = LaunchScreen.storyboard;
			sourceTree = "<group>";
		};
/* End PBXVariantGroup section */

/* Begin XCBuildConfiguration section */
		4CC20FF527CFAB9700DE15DB /* Debug */ = {
			isa = XCBuildConfiguration;
			buildSettings = {
				ALWAYS_SEARCH_USER_PATHS = NO;
				CLANG_ANALYZER_NONNULL = YES;
				CLANG_ANALYZER_NUMBER_OBJECT_CONVERSION = YES_AGGRESSIVE;
				CLANG_CXX_LANGUAGE_STANDARD = "gnu++17";
				CLANG_CXX_LIBRARY = "libc++";
				CLANG_ENABLE_MODULES = YES;
				CLANG_ENABLE_OBJC_ARC = YES;
				CLANG_ENABLE_OBJC_WEAK = YES;
				CLANG_WARN_BLOCK_CAPTURE_AUTORELEASING = YES;
				CLANG_WARN_BOOL_CONVERSION = YES;
				CLANG_WARN_COMMA = YES;
				CLANG_WARN_CONSTANT_CONVERSION = YES;
				CLANG_WARN_DEPRECATED_OBJC_IMPLEMENTATIONS = YES;
				CLANG_WARN_DIRECT_OBJC_ISA_USAGE = YES_ERROR;
				CLANG_WARN_DOCUMENTATION_COMMENTS = YES;
				CLANG_WARN_EMPTY_BODY = YES;
				CLANG_WARN_ENUM_CONVERSION = YES;
				CLANG_WARN_INFINITE_RECURSION = YES;
				CLANG_WARN_INT_CONVERSION = YES;
				CLANG_WARN_NON_LITERAL_NULL_CONVERSION = YES;
				CLANG_WARN_OBJC_IMPLICIT_RETAIN_SELF = YES;
				CLANG_WARN_OBJC_LITERAL_CONVERSION = YES;
				CLANG_WARN_OBJC_ROOT_CLASS = YES_ERROR;
				CLANG_WARN_QUOTED_INCLUDE_IN_FRAMEWORK_HEADER = YES;
				CLANG_WARN_RANGE_LOOP_ANALYSIS = YES;
				CLANG_WARN_STRICT_PROTOTYPES = YES;
				CLANG_WARN_SUSPICIOUS_MOVE = YES;
				CLANG_WARN_UNGUARDED_AVAILABILITY = YES_AGGRESSIVE;
				CLANG_WARN_UNREACHABLE_CODE = YES;
				CLANG_WARN__DUPLICATE_METHOD_MATCH = YES;
				COPY_PHASE_STRIP = NO;
				DEBUG_INFORMATION_FORMAT = dwarf;
				ENABLE_STRICT_OBJC_MSGSEND = YES;
				ENABLE_TESTABILITY = YES;
				GCC_C_LANGUAGE_STANDARD = gnu11;
				GCC_DYNAMIC_NO_PIC = NO;
				GCC_NO_COMMON_BLOCKS = YES;
				GCC_OPTIMIZATION_LEVEL = 0;
				GCC_PREPROCESSOR_DEFINITIONS = (
					"DEBUG=1",
					"$(inherited)",
				);
				GCC_WARN_64_TO_32_BIT_CONVERSION = YES;
				GCC_WARN_ABOUT_RETURN_TYPE = YES_ERROR;
				GCC_WARN_UNDECLARED_SELECTOR = YES;
				GCC_WARN_UNINITIALIZED_AUTOS = YES_AGGRESSIVE;
				GCC_WARN_UNUSED_FUNCTION = YES;
				GCC_WARN_UNUSED_VARIABLE = YES;
				IPHONEOS_DEPLOYMENT_TARGET = 13.0;
				MTL_ENABLE_DEBUG_INFO = INCLUDE_SOURCE;
				MTL_FAST_MATH = YES;
				ONLY_ACTIVE_ARCH = YES;
				SDKROOT = iphoneos;
				SWIFT_ACTIVE_COMPILATION_CONDITIONS = DEBUG;
				SWIFT_OPTIMIZATION_LEVEL = "-Onone";
			};
			name = Debug;
		};
		4CC20FF627CFAB9700DE15DB /* Release */ = {
			isa = XCBuildConfiguration;
			buildSettings = {
				ALWAYS_SEARCH_USER_PATHS = NO;
				CLANG_ANALYZER_NONNULL = YES;
				CLANG_ANALYZER_NUMBER_OBJECT_CONVERSION = YES_AGGRESSIVE;
				CLANG_CXX_LANGUAGE_STANDARD = "gnu++17";
				CLANG_CXX_LIBRARY = "libc++";
				CLANG_ENABLE_MODULES = YES;
				CLANG_ENABLE_OBJC_ARC = YES;
				CLANG_ENABLE_OBJC_WEAK = YES;
				CLANG_WARN_BLOCK_CAPTURE_AUTORELEASING = YES;
				CLANG_WARN_BOOL_CONVERSION = YES;
				CLANG_WARN_COMMA = YES;
				CLANG_WARN_CONSTANT_CONVERSION = YES;
				CLANG_WARN_DEPRECATED_OBJC_IMPLEMENTATIONS = YES;
				CLANG_WARN_DIRECT_OBJC_ISA_USAGE = YES_ERROR;
				CLANG_WARN_DOCUMENTATION_COMMENTS = YES;
				CLANG_WARN_EMPTY_BODY = YES;
				CLANG_WARN_ENUM_CONVERSION = YES;
				CLANG_WARN_INFINITE_RECURSION = YES;
				CLANG_WARN_INT_CONVERSION = YES;
				CLANG_WARN_NON_LITERAL_NULL_CONVERSION = YES;
				CLANG_WARN_OBJC_IMPLICIT_RETAIN_SELF = YES;
				CLANG_WARN_OBJC_LITERAL_CONVERSION = YES;
				CLANG_WARN_OBJC_ROOT_CLASS = YES_ERROR;
				CLANG_WARN_QUOTED_INCLUDE_IN_FRAMEWORK_HEADER = YES;
				CLANG_WARN_RANGE_LOOP_ANALYSIS = YES;
				CLANG_WARN_STRICT_PROTOTYPES = YES;
				CLANG_WARN_SUSPICIOUS_MOVE = YES;
				CLANG_WARN_UNGUARDED_AVAILABILITY = YES_AGGRESSIVE;
				CLANG_WARN_UNREACHABLE_CODE = YES;
				CLANG_WARN__DUPLICATE_METHOD_MATCH = YES;
				COPY_PHASE_STRIP = NO;
				DEBUG_INFORMATION_FORMAT = "dwarf-with-dsym";
				ENABLE_NS_ASSERTIONS = NO;
				ENABLE_STRICT_OBJC_MSGSEND = YES;
				GCC_C_LANGUAGE_STANDARD = gnu11;
				GCC_NO_COMMON_BLOCKS = YES;
				GCC_WARN_64_TO_32_BIT_CONVERSION = YES;
				GCC_WARN_ABOUT_RETURN_TYPE = YES_ERROR;
				GCC_WARN_UNDECLARED_SELECTOR = YES;
				GCC_WARN_UNINITIALIZED_AUTOS = YES_AGGRESSIVE;
				GCC_WARN_UNUSED_FUNCTION = YES;
				GCC_WARN_UNUSED_VARIABLE = YES;
				IPHONEOS_DEPLOYMENT_TARGET = 13.0;
				MTL_ENABLE_DEBUG_INFO = NO;
				MTL_FAST_MATH = YES;
				SDKROOT = iphoneos;
				SWIFT_COMPILATION_MODE = wholemodule;
				SWIFT_OPTIMIZATION_LEVEL = "-O";
				VALIDATE_PRODUCT = YES;
			};
			name = Release;
		};
		4CC20FF827CFAB9700DE15DB /* Debug */ = {
			isa = XCBuildConfiguration;
			baseConfigurationReference = 1945C832F6C49A01872C530C /* Pods-Fuel.debug.xcconfig */;
			buildSettings = {
				ASSETCATALOG_COMPILER_APPICON_NAME = AppIcon;
				ASSETCATALOG_COMPILER_GLOBAL_ACCENT_COLOR_NAME = AccentColor;
				CODE_SIGN_STYLE = Automatic;
				CURRENT_PROJECT_VERSION = 1;
				DEVELOPMENT_TEAM = 2C4XF58Z9A;
				GENERATE_INFOPLIST_FILE = YES;
				INFOPLIST_FILE = Fuel/Info.plist;
				INFOPLIST_KEY_NSCameraUsageDescription = "to scan qrcodes.";
				INFOPLIST_KEY_UIApplicationSupportsIndirectInputEvents = YES;
				INFOPLIST_KEY_UILaunchStoryboardName = LaunchScreen;
				INFOPLIST_KEY_UIMainStoryboardFile = Main;
				INFOPLIST_KEY_UISupportedInterfaceOrientations = UIInterfaceOrientationPortrait;
				INFOPLIST_KEY_UISupportedInterfaceOrientations_iPad = "UIInterfaceOrientationPortrait UIInterfaceOrientationPortraitUpsideDown UIInterfaceOrientationLandscapeLeft UIInterfaceOrientationLandscapeRight";
				INFOPLIST_KEY_UISupportedInterfaceOrientations_iPhone = "UIInterfaceOrientationPortrait UIInterfaceOrientationLandscapeLeft UIInterfaceOrientationLandscapeRight";
				LD_RUNPATH_SEARCH_PATHS = (
					"$(inherited)",
					"@executable_path/Frameworks",
				);
				MARKETING_VERSION = 1.0;
				PRODUCT_BUNDLE_IDENTIFIER = sd.fuel.app.Fuel;
				PRODUCT_NAME = "$(TARGET_NAME)";
				SWIFT_EMIT_LOC_STRINGS = YES;
				SWIFT_VERSION = 5.0;
				TARGETED_DEVICE_FAMILY = "1,2";
			};
			name = Debug;
		};
		4CC20FF927CFAB9700DE15DB /* Release */ = {
			isa = XCBuildConfiguration;
			baseConfigurationReference = 8B72278FF7A42A1B2A080450 /* Pods-Fuel.release.xcconfig */;
			buildSettings = {
				ASSETCATALOG_COMPILER_APPICON_NAME = AppIcon;
				ASSETCATALOG_COMPILER_GLOBAL_ACCENT_COLOR_NAME = AccentColor;
				CODE_SIGN_STYLE = Automatic;
				CURRENT_PROJECT_VERSION = 1;
				DEVELOPMENT_TEAM = 2C4XF58Z9A;
				GENERATE_INFOPLIST_FILE = YES;
				INFOPLIST_FILE = Fuel/Info.plist;
				INFOPLIST_KEY_NSCameraUsageDescription = "to scan qrcodes.";
				INFOPLIST_KEY_UIApplicationSupportsIndirectInputEvents = YES;
				INFOPLIST_KEY_UILaunchStoryboardName = LaunchScreen;
				INFOPLIST_KEY_UIMainStoryboardFile = Main;
				INFOPLIST_KEY_UISupportedInterfaceOrientations = UIInterfaceOrientationPortrait;
				INFOPLIST_KEY_UISupportedInterfaceOrientations_iPad = "UIInterfaceOrientationPortrait UIInterfaceOrientationPortraitUpsideDown UIInterfaceOrientationLandscapeLeft UIInterfaceOrientationLandscapeRight";
				INFOPLIST_KEY_UISupportedInterfaceOrientations_iPhone = "UIInterfaceOrientationPortrait UIInterfaceOrientationLandscapeLeft UIInterfaceOrientationLandscapeRight";
				LD_RUNPATH_SEARCH_PATHS = (
					"$(inherited)",
					"@executable_path/Frameworks",
				);
				MARKETING_VERSION = 1.0;
				PRODUCT_BUNDLE_IDENTIFIER = sd.fuel.app.Fuel;
				PRODUCT_NAME = "$(TARGET_NAME)";
				SWIFT_EMIT_LOC_STRINGS = YES;
				SWIFT_VERSION = 5.0;
				TARGETED_DEVICE_FAMILY = "1,2";
			};
			name = Release;
		};
		4CC20FFB27CFAB9700DE15DB /* Debug */ = {
			isa = XCBuildConfiguration;
			baseConfigurationReference = D73E98E3986AF908170B4660 /* Pods-FuelTests.debug.xcconfig */;
			buildSettings = {
				ALWAYS_EMBED_SWIFT_STANDARD_LIBRARIES = YES;
				BUNDLE_LOADER = "$(TEST_HOST)";
				CODE_SIGN_STYLE = Automatic;
				CURRENT_PROJECT_VERSION = 1;
				DEVELOPMENT_TEAM = 2C4XF58Z9A;
				GENERATE_INFOPLIST_FILE = YES;
				IPHONEOS_DEPLOYMENT_TARGET = 15.2;
				MARKETING_VERSION = 1.0;
				PRODUCT_BUNDLE_IDENTIFIER = sd.fuel.app.FuelTests;
				PRODUCT_NAME = "$(TARGET_NAME)";
				SWIFT_EMIT_LOC_STRINGS = NO;
				SWIFT_VERSION = 5.0;
				TARGETED_DEVICE_FAMILY = "1,2";
				TEST_HOST = "$(BUILT_PRODUCTS_DIR)/Fuel.app/Fuel";
			};
			name = Debug;
		};
		4CC20FFC27CFAB9700DE15DB /* Release */ = {
			isa = XCBuildConfiguration;
			baseConfigurationReference = FE157E0E6ABFC14DB5DC7F7C /* Pods-FuelTests.release.xcconfig */;
			buildSettings = {
				ALWAYS_EMBED_SWIFT_STANDARD_LIBRARIES = YES;
				BUNDLE_LOADER = "$(TEST_HOST)";
				CODE_SIGN_STYLE = Automatic;
				CURRENT_PROJECT_VERSION = 1;
				DEVELOPMENT_TEAM = 2C4XF58Z9A;
				GENERATE_INFOPLIST_FILE = YES;
				IPHONEOS_DEPLOYMENT_TARGET = 15.2;
				MARKETING_VERSION = 1.0;
				PRODUCT_BUNDLE_IDENTIFIER = sd.fuel.app.FuelTests;
				PRODUCT_NAME = "$(TARGET_NAME)";
				SWIFT_EMIT_LOC_STRINGS = NO;
				SWIFT_VERSION = 5.0;
				TARGETED_DEVICE_FAMILY = "1,2";
				TEST_HOST = "$(BUILT_PRODUCTS_DIR)/Fuel.app/Fuel";
			};
			name = Release;
		};
		4CC20FFE27CFAB9700DE15DB /* Debug */ = {
			isa = XCBuildConfiguration;
			baseConfigurationReference = 3A3A55649E4E17910F6C6065 /* Pods-Fuel-FuelUITests.debug.xcconfig */;
			buildSettings = {
				ALWAYS_EMBED_SWIFT_STANDARD_LIBRARIES = YES;
				CODE_SIGN_STYLE = Automatic;
				CURRENT_PROJECT_VERSION = 1;
				DEVELOPMENT_TEAM = 2C4XF58Z9A;
				GENERATE_INFOPLIST_FILE = YES;
				MARKETING_VERSION = 1.0;
				PRODUCT_BUNDLE_IDENTIFIER = sd.fuel.app.FuelUITests;
				PRODUCT_NAME = "$(TARGET_NAME)";
				SWIFT_EMIT_LOC_STRINGS = NO;
				SWIFT_VERSION = 5.0;
				TARGETED_DEVICE_FAMILY = "1,2";
				TEST_TARGET_NAME = Fuel;
			};
			name = Debug;
		};
		4CC20FFF27CFAB9700DE15DB /* Release */ = {
			isa = XCBuildConfiguration;
			baseConfigurationReference = 0C5F5C9082C39BA50162E586 /* Pods-Fuel-FuelUITests.release.xcconfig */;
			buildSettings = {
				ALWAYS_EMBED_SWIFT_STANDARD_LIBRARIES = YES;
				CODE_SIGN_STYLE = Automatic;
				CURRENT_PROJECT_VERSION = 1;
				DEVELOPMENT_TEAM = 2C4XF58Z9A;
				GENERATE_INFOPLIST_FILE = YES;
				MARKETING_VERSION = 1.0;
				PRODUCT_BUNDLE_IDENTIFIER = sd.fuel.app.FuelUITests;
				PRODUCT_NAME = "$(TARGET_NAME)";
				SWIFT_EMIT_LOC_STRINGS = NO;
				SWIFT_VERSION = 5.0;
				TARGETED_DEVICE_FAMILY = "1,2";
				TEST_TARGET_NAME = Fuel;
			};
			name = Release;
		};
/* End XCBuildConfiguration section */

/* Begin XCConfigurationList section */
		4CC20FC527CFAB8A00DE15DB /* Build configuration list for PBXProject "Fuel" */ = {
			isa = XCConfigurationList;
			buildConfigurations = (
				4CC20FF527CFAB9700DE15DB /* Debug */,
				4CC20FF627CFAB9700DE15DB /* Release */,
			);
			defaultConfigurationIsVisible = 0;
			defaultConfigurationName = Release;
		};
		4CC20FF727CFAB9700DE15DB /* Build configuration list for PBXNativeTarget "Fuel" */ = {
			isa = XCConfigurationList;
			buildConfigurations = (
				4CC20FF827CFAB9700DE15DB /* Debug */,
				4CC20FF927CFAB9700DE15DB /* Release */,
			);
			defaultConfigurationIsVisible = 0;
			defaultConfigurationName = Release;
		};
		4CC20FFA27CFAB9700DE15DB /* Build configuration list for PBXNativeTarget "FuelTests" */ = {
			isa = XCConfigurationList;
			buildConfigurations = (
				4CC20FFB27CFAB9700DE15DB /* Debug */,
				4CC20FFC27CFAB9700DE15DB /* Release */,
			);
			defaultConfigurationIsVisible = 0;
			defaultConfigurationName = Release;
		};
		4CC20FFD27CFAB9700DE15DB /* Build configuration list for PBXNativeTarget "FuelUITests" */ = {
			isa = XCConfigurationList;
			buildConfigurations = (
				4CC20FFE27CFAB9700DE15DB /* Debug */,
				4CC20FFF27CFAB9700DE15DB /* Release */,
			);
			defaultConfigurationIsVisible = 0;
			defaultConfigurationName = Release;
		};
/* End XCConfigurationList section */

/* Begin XCRemoteSwiftPackageReference section */
		4C0ACA2E27D0A665007DCB51 /* XCRemoteSwiftPackageReference "scanner-overlay" */ = {
			isa = XCRemoteSwiftPackageReference;
			repositoryURL = "https://github.com/gaebel/scanner-overlay.git";
			requirement = {
				kind = upToNextMajorVersion;
				minimumVersion = 1.0.0;
			};
		};
/* End XCRemoteSwiftPackageReference section */

/* Begin XCSwiftPackageProductDependency section */
		4C0ACA2F27D0A666007DCB51 /* ScannerOverlay */ = {
			isa = XCSwiftPackageProductDependency;
			package = 4C0ACA2E27D0A665007DCB51 /* XCRemoteSwiftPackageReference "scanner-overlay" */;
			productName = ScannerOverlay;
		};
/* End XCSwiftPackageProductDependency section */

/* Begin XCVersionGroup section */
		4CC20FD627CFAB8B00DE15DB /* Fuel.xcdatamodeld */ = {
			isa = XCVersionGroup;
			children = (
				4CC20FD727CFAB8B00DE15DB /* Fuel.xcdatamodel */,
			);
			currentVersion = 4CC20FD727CFAB8B00DE15DB /* Fuel.xcdatamodel */;
			path = Fuel.xcdatamodeld;
			sourceTree = "<group>";
			versionGroupType = wrapper.xcdatamodel;
		};
/* End XCVersionGroup section */
	};
	rootObject = 4CC20FC227CFAB8A00DE15DB /* Project object */;
}
